// !$*UTF8*$!
{
	archiveVersion = 1;
	classes = {
	};
	objectVersion = 46;
	objects = {

/* Begin PBXBuildFile section */
		5E91EDB91B0DB8F6008A6A68 /* main.m in Sources */ = {isa = PBXBuildFile; fileRef = 5E91EDB81B0DB8F6008A6A68 /* main.m */; };
		5E91EDBC1B0DB8F6008A6A68 /* AppDelegate.m in Sources */ = {isa = PBXBuildFile; fileRef = 5E91EDBB1B0DB8F6008A6A68 /* AppDelegate.m */; };
		5E91EDBF1B0DB8F6008A6A68 /* ViewController.m in Sources */ = {isa = PBXBuildFile; fileRef = 5E91EDBE1B0DB8F6008A6A68 /* ViewController.m */; };
		5E91EDC21B0DB8F6008A6A68 /* Main.storyboard in Resources */ = {isa = PBXBuildFile; fileRef = 5E91EDC01B0DB8F6008A6A68 /* Main.storyboard */; };
		5E91EDC41B0DB8F6008A6A68 /* Images.xcassets in Resources */ = {isa = PBXBuildFile; fileRef = 5E91EDC31B0DB8F6008A6A68 /* Images.xcassets */; };
		5E91EDC71B0DB8F6008A6A68 /* LaunchScreen.xib in Resources */ = {isa = PBXBuildFile; fileRef = 5E91EDC51B0DB8F6008A6A68 /* LaunchScreen.xib */; };
		5E91EDD31B0DB8F6008A6A68 /* MasonryTestTests.m in Sources */ = {isa = PBXBuildFile; fileRef = 5E91EDD21B0DB8F6008A6A68 /* MasonryTestTests.m */; };
		5E91EDF51B0DB9CD008A6A68 /* Info.plist in Resources */ = {isa = PBXBuildFile; fileRef = 5E91EDDD1B0DB9CD008A6A68 /* Info.plist */; };
		5E91EDF61B0DB9CD008A6A68 /* MASCompositeConstraint.m in Sources */ = {isa = PBXBuildFile; fileRef = 5E91EDDF1B0DB9CD008A6A68 /* MASCompositeConstraint.m */; };
		5E91EDF71B0DB9CD008A6A68 /* MASConstraint.m in Sources */ = {isa = PBXBuildFile; fileRef = 5E91EDE21B0DB9CD008A6A68 /* MASConstraint.m */; };
		5E91EDF81B0DB9CD008A6A68 /* MASConstraintMaker.m in Sources */ = {isa = PBXBuildFile; fileRef = 5E91EDE41B0DB9CD008A6A68 /* MASConstraintMaker.m */; };
		5E91EDF91B0DB9CD008A6A68 /* MASLayoutConstraint.m in Sources */ = {isa = PBXBuildFile; fileRef = 5E91EDE61B0DB9CD008A6A68 /* MASLayoutConstraint.m */; };
		5E91EDFA1B0DB9CD008A6A68 /* MASViewAttribute.m in Sources */ = {isa = PBXBuildFile; fileRef = 5E91EDEA1B0DB9CD008A6A68 /* MASViewAttribute.m */; };
		5E91EDFB1B0DB9CD008A6A68 /* MASViewConstraint.m in Sources */ = {isa = PBXBuildFile; fileRef = 5E91EDEC1B0DB9CD008A6A68 /* MASViewConstraint.m */; };
		5E91EDFC1B0DB9CD008A6A68 /* NSArray+MASAdditions.m in Sources */ = {isa = PBXBuildFile; fileRef = 5E91EDEE1B0DB9CD008A6A68 /* NSArray+MASAdditions.m */; };
		5E91EDFD1B0DB9CD008A6A68 /* NSLayoutConstraint+MASDebugAdditions.m in Sources */ = {isa = PBXBuildFile; fileRef = 5E91EDF11B0DB9CD008A6A68 /* NSLayoutConstraint+MASDebugAdditions.m */; };
		5E91EDFE1B0DB9CD008A6A68 /* View+MASAdditions.m in Sources */ = {isa = PBXBuildFile; fileRef = 5E91EDF31B0DB9CD008A6A68 /* View+MASAdditions.m */; };
		5E91EE011B0DDF82008A6A68 /* UIView+Masonry_DJ.m in Sources */ = {isa = PBXBuildFile; fileRef = 5E91EE001B0DDF82008A6A68 /* UIView+Masonry_DJ.m */; };
/* End PBXBuildFile section */

/* Begin PBXContainerItemProxy section */
		5E91EDCD1B0DB8F6008A6A68 /* PBXContainerItemProxy */ = {
			isa = PBXContainerItemProxy;
			containerPortal = 5E91EDAB1B0DB8F5008A6A68 /* Project object */;
			proxyType = 1;
			remoteGlobalIDString = 5E91EDB21B0DB8F6008A6A68;
			remoteInfo = MasonryTest;
		};
/* End PBXContainerItemProxy section */

/* Begin PBXFileReference section */
		5E91EDB31B0DB8F6008A6A68 /* MasonryTest.app */ = {isa = PBXFileReference; explicitFileType = wrapper.application; includeInIndex = 0; path = MasonryTest.app; sourceTree = BUILT_PRODUCTS_DIR; };
		5E91EDB71B0DB8F6008A6A68 /* Info.plist */ = {isa = PBXFileReference; lastKnownFileType = text.plist.xml; path = Info.plist; sourceTree = "<group>"; };
		5E91EDB81B0DB8F6008A6A68 /* main.m */ = {isa = PBXFileReference; lastKnownFileType = sourcecode.c.objc; path = main.m; sourceTree = "<group>"; };
		5E91EDBA1B0DB8F6008A6A68 /* AppDelegate.h */ = {isa = PBXFileReference; lastKnownFileType = sourcecode.c.h; path = AppDelegate.h; sourceTree = "<group>"; };
		5E91EDBB1B0DB8F6008A6A68 /* AppDelegate.m */ = {isa = PBXFileReference; lastKnownFileType = sourcecode.c.objc; path = AppDelegate.m; sourceTree = "<group>"; };
		5E91EDBD1B0DB8F6008A6A68 /* ViewController.h */ = {isa = PBXFileReference; lastKnownFileType = sourcecode.c.h; path = ViewController.h; sourceTree = "<group>"; };
		5E91EDBE1B0DB8F6008A6A68 /* ViewController.m */ = {isa = PBXFileReference; lastKnownFileType = sourcecode.c.objc; path = ViewController.m; sourceTree = "<group>"; };
		5E91EDC11B0DB8F6008A6A68 /* Base */ = {isa = PBXFileReference; lastKnownFileType = file.storyboard; name = Base; path = Base.lproj/Main.storyboard; sourceTree = "<group>"; };
		5E91EDC31B0DB8F6008A6A68 /* Images.xcassets */ = {isa = PBXFileReference; lastKnownFileType = folder.assetcatalog; path = Images.xcassets; sourceTree = "<group>"; };
		5E91EDC61B0DB8F6008A6A68 /* Base */ = {isa = PBXFileReference; lastKnownFileType = file.xib; name = Base; path = Base.lproj/LaunchScreen.xib; sourceTree = "<group>"; };
		5E91EDCC1B0DB8F6008A6A68 /* MasonryTestTests.xctest */ = {isa = PBXFileReference; explicitFileType = wrapper.cfbundle; includeInIndex = 0; path = MasonryTestTests.xctest; sourceTree = BUILT_PRODUCTS_DIR; };
		5E91EDD11B0DB8F6008A6A68 /* Info.plist */ = {isa = PBXFileReference; lastKnownFileType = text.plist.xml; path = Info.plist; sourceTree = "<group>"; };
		5E91EDD21B0DB8F6008A6A68 /* MasonryTestTests.m */ = {isa = PBXFileReference; lastKnownFileType = sourcecode.c.objc; path = MasonryTestTests.m; sourceTree = "<group>"; };
		5E91EDDD1B0DB9CD008A6A68 /* Info.plist */ = {isa = PBXFileReference; fileEncoding = 4; lastKnownFileType = text.plist.xml; path = Info.plist; sourceTree = "<group>"; };
		5E91EDDE1B0DB9CD008A6A68 /* MASCompositeConstraint.h */ = {isa = PBXFileReference; fileEncoding = 4; lastKnownFileType = sourcecode.c.h; path = MASCompositeConstraint.h; sourceTree = "<group>"; };
		5E91EDDF1B0DB9CD008A6A68 /* MASCompositeConstraint.m */ = {isa = PBXFileReference; fileEncoding = 4; lastKnownFileType = sourcecode.c.objc; path = MASCompositeConstraint.m; sourceTree = "<group>"; };
		5E91EDE01B0DB9CD008A6A68 /* MASConstraint+Private.h */ = {isa = PBXFileReference; fileEncoding = 4; lastKnownFileType = sourcecode.c.h; path = "MASConstraint+Private.h"; sourceTree = "<group>"; };
		5E91EDE11B0DB9CD008A6A68 /* MASConstraint.h */ = {isa = PBXFileReference; fileEncoding = 4; lastKnownFileType = sourcecode.c.h; path = MASConstraint.h; sourceTree = "<group>"; };
		5E91EDE21B0DB9CD008A6A68 /* MASConstraint.m */ = {isa = PBXFileReference; fileEncoding = 4; lastKnownFileType = sourcecode.c.objc; path = MASConstraint.m; sourceTree = "<group>"; };
		5E91EDE31B0DB9CD008A6A68 /* MASConstraintMaker.h */ = {isa = PBXFileReference; fileEncoding = 4; lastKnownFileType = sourcecode.c.h; path = MASConstraintMaker.h; sourceTree = "<group>"; };
		5E91EDE41B0DB9CD008A6A68 /* MASConstraintMaker.m */ = {isa = PBXFileReference; fileEncoding = 4; lastKnownFileType = sourcecode.c.objc; path = MASConstraintMaker.m; sourceTree = "<group>"; };
		5E91EDE51B0DB9CD008A6A68 /* MASLayoutConstraint.h */ = {isa = PBXFileReference; fileEncoding = 4; lastKnownFileType = sourcecode.c.h; path = MASLayoutConstraint.h; sourceTree = "<group>"; };
		5E91EDE61B0DB9CD008A6A68 /* MASLayoutConstraint.m */ = {isa = PBXFileReference; fileEncoding = 4; lastKnownFileType = sourcecode.c.objc; path = MASLayoutConstraint.m; sourceTree = "<group>"; };
		5E91EDE71B0DB9CD008A6A68 /* Masonry.h */ = {isa = PBXFileReference; fileEncoding = 4; lastKnownFileType = sourcecode.c.h; path = Masonry.h; sourceTree = "<group>"; };
		5E91EDE81B0DB9CD008A6A68 /* MASUtilities.h */ = {isa = PBXFileReference; fileEncoding = 4; lastKnownFileType = sourcecode.c.h; path = MASUtilities.h; sourceTree = "<group>"; };
		5E91EDE91B0DB9CD008A6A68 /* MASViewAttribute.h */ = {isa = PBXFileReference; fileEncoding = 4; lastKnownFileType = sourcecode.c.h; path = MASViewAttribute.h; sourceTree = "<group>"; };
		5E91EDEA1B0DB9CD008A6A68 /* MASViewAttribute.m */ = {isa = PBXFileReference; fileEncoding = 4; lastKnownFileType = sourcecode.c.objc; path = MASViewAttribute.m; sourceTree = "<group>"; };
		5E91EDEB1B0DB9CD008A6A68 /* MASViewConstraint.h */ = {isa = PBXFileReference; fileEncoding = 4; lastKnownFileType = sourcecode.c.h; path = MASViewConstraint.h; sourceTree = "<group>"; };
		5E91EDEC1B0DB9CD008A6A68 /* MASViewConstraint.m */ = {isa = PBXFileReference; fileEncoding = 4; lastKnownFileType = sourcecode.c.objc; path = MASViewConstraint.m; sourceTree = "<group>"; };
		5E91EDED1B0DB9CD008A6A68 /* NSArray+MASAdditions.h */ = {isa = PBXFileReference; fileEncoding = 4; lastKnownFileType = sourcecode.c.h; path = "NSArray+MASAdditions.h"; sourceTree = "<group>"; };
		5E91EDEE1B0DB9CD008A6A68 /* NSArray+MASAdditions.m */ = {isa = PBXFileReference; fileEncoding = 4; lastKnownFileType = sourcecode.c.objc; path = "NSArray+MASAdditions.m"; sourceTree = "<group>"; };
		5E91EDEF1B0DB9CD008A6A68 /* NSArray+MASShorthandAdditions.h */ = {isa = PBXFileReference; fileEncoding = 4; lastKnownFileType = sourcecode.c.h; path = "NSArray+MASShorthandAdditions.h"; sourceTree = "<group>"; };
		5E91EDF01B0DB9CD008A6A68 /* NSLayoutConstraint+MASDebugAdditions.h */ = {isa = PBXFileReference; fileEncoding = 4; lastKnownFileType = sourcecode.c.h; path = "NSLayoutConstraint+MASDebugAdditions.h"; sourceTree = "<group>"; };
		5E91EDF11B0DB9CD008A6A68 /* NSLayoutConstraint+MASDebugAdditions.m */ = {isa = PBXFileReference; fileEncoding = 4; lastKnownFileType = sourcecode.c.objc; path = "NSLayoutConstraint+MASDebugAdditions.m"; sourceTree = "<group>"; };
		5E91EDF21B0DB9CD008A6A68 /* View+MASAdditions.h */ = {isa = PBXFileReference; fileEncoding = 4; lastKnownFileType = sourcecode.c.h; path = "View+MASAdditions.h"; sourceTree = "<group>"; };
		5E91EDF31B0DB9CD008A6A68 /* View+MASAdditions.m */ = {isa = PBXFileReference; fileEncoding = 4; lastKnownFileType = sourcecode.c.objc; path = "View+MASAdditions.m"; sourceTree = "<group>"; };
		5E91EDF41B0DB9CD008A6A68 /* View+MASShorthandAdditions.h */ = {isa = PBXFileReference; fileEncoding = 4; lastKnownFileType = sourcecode.c.h; path = "View+MASShorthandAdditions.h"; sourceTree = "<group>"; };
		5E91EDFF1B0DDF81008A6A68 /* UIView+Masonry_DJ.h */ = {isa = PBXFileReference; fileEncoding = 4; lastKnownFileType = sourcecode.c.h; path = "UIView+Masonry_DJ.h"; sourceTree = "<group>"; };
		5E91EE001B0DDF82008A6A68 /* UIView+Masonry_DJ.m */ = {isa = PBXFileReference; fileEncoding = 4; lastKnownFileType = sourcecode.c.objc; path = "UIView+Masonry_DJ.m"; sourceTree = "<group>"; };
/* End PBXFileReference section */

/* Begin PBXFrameworksBuildPhase section */
		5E91EDB01B0DB8F6008A6A68 /* Frameworks */ = {
			isa = PBXFrameworksBuildPhase;
			buildActionMask = 2147483647;
			files = (
			);
			runOnlyForDeploymentPostprocessing = 0;
		};
		5E91EDC91B0DB8F6008A6A68 /* Frameworks */ = {
			isa = PBXFrameworksBuildPhase;
			buildActionMask = 2147483647;
			files = (
			);
			runOnlyForDeploymentPostprocessing = 0;
		};
/* End PBXFrameworksBuildPhase section */

/* Begin PBXGroup section */
		5E91EDAA1B0DB8F5008A6A68 = {
			isa = PBXGroup;
			children = (
				5E91EDB51B0DB8F6008A6A68 /* MasonryTest */,
				5E91EDCF1B0DB8F6008A6A68 /* MasonryTestTests */,
				5E91EDB41B0DB8F6008A6A68 /* Products */,
			);
			sourceTree = "<group>";
		};
		5E91EDB41B0DB8F6008A6A68 /* Products */ = {
			isa = PBXGroup;
			children = (
				5E91EDB31B0DB8F6008A6A68 /* MasonryTest.app */,
				5E91EDCC1B0DB8F6008A6A68 /* MasonryTestTests.xctest */,
			);
			name = Products;
			sourceTree = "<group>";
		};
		5E91EDB51B0DB8F6008A6A68 /* MasonryTest */ = {
			isa = PBXGroup;
			children = (
				5E91EDDC1B0DB9CD008A6A68 /* Masonry */,
				5E91EDBA1B0DB8F6008A6A68 /* AppDelegate.h */,
				5E91EDBB1B0DB8F6008A6A68 /* AppDelegate.m */,
				5E91EDBD1B0DB8F6008A6A68 /* ViewController.h */,
				5E91EDBE1B0DB8F6008A6A68 /* ViewController.m */,
				5E91EDFF1B0DDF81008A6A68 /* UIView+Masonry_DJ.h */,
				5E91EE001B0DDF82008A6A68 /* UIView+Masonry_DJ.m */,
				5E91EDC01B0DB8F6008A6A68 /* Main.storyboard */,
				5E91EDC31B0DB8F6008A6A68 /* Images.xcassets */,
				5E91EDC51B0DB8F6008A6A68 /* LaunchScreen.xib */,
				5E91EDB61B0DB8F6008A6A68 /* Supporting Files */,
			);
			path = MasonryTest;
			sourceTree = "<group>";
		};
		5E91EDB61B0DB8F6008A6A68 /* Supporting Files */ = {
			isa = PBXGroup;
			children = (
				5E91EDB71B0DB8F6008A6A68 /* Info.plist */,
				5E91EDB81B0DB8F6008A6A68 /* main.m */,
			);
			name = "Supporting Files";
			sourceTree = "<group>";
		};
		5E91EDCF1B0DB8F6008A6A68 /* MasonryTestTests */ = {
			isa = PBXGroup;
			children = (
				5E91EDD21B0DB8F6008A6A68 /* MasonryTestTests.m */,
				5E91EDD01B0DB8F6008A6A68 /* Supporting Files */,
			);
			path = MasonryTestTests;
			sourceTree = "<group>";
		};
		5E91EDD01B0DB8F6008A6A68 /* Supporting Files */ = {
			isa = PBXGroup;
			children = (
				5E91EDD11B0DB8F6008A6A68 /* Info.plist */,
			);
			name = "Supporting Files";
			sourceTree = "<group>";
		};
		5E91EDDC1B0DB9CD008A6A68 /* Masonry */ = {
			isa = PBXGroup;
			children = (
				5E91EDDD1B0DB9CD008A6A68 /* Info.plist */,
				5E91EDDE1B0DB9CD008A6A68 /* MASCompositeConstraint.h */,
				5E91EDDF1B0DB9CD008A6A68 /* MASCompositeConstraint.m */,
				5E91EDE01B0DB9CD008A6A68 /* MASConstraint+Private.h */,
				5E91EDE11B0DB9CD008A6A68 /* MASConstraint.h */,
				5E91EDE21B0DB9CD008A6A68 /* MASConstraint.m */,
				5E91EDE31B0DB9CD008A6A68 /* MASConstraintMaker.h */,
				5E91EDE41B0DB9CD008A6A68 /* MASConstraintMaker.m */,
				5E91EDE51B0DB9CD008A6A68 /* MASLayoutConstraint.h */,
				5E91EDE61B0DB9CD008A6A68 /* MASLayoutConstraint.m */,
				5E91EDE71B0DB9CD008A6A68 /* Masonry.h */,
				5E91EDE81B0DB9CD008A6A68 /* MASUtilities.h */,
				5E91EDE91B0DB9CD008A6A68 /* MASViewAttribute.h */,
				5E91EDEA1B0DB9CD008A6A68 /* MASViewAttribute.m */,
				5E91EDEB1B0DB9CD008A6A68 /* MASViewConstraint.h */,
				5E91EDEC1B0DB9CD008A6A68 /* MASViewConstraint.m */,
				5E91EDED1B0DB9CD008A6A68 /* NSArray+MASAdditions.h */,
				5E91EDEE1B0DB9CD008A6A68 /* NSArray+MASAdditions.m */,
				5E91EDEF1B0DB9CD008A6A68 /* NSArray+MASShorthandAdditions.h */,
				5E91EDF01B0DB9CD008A6A68 /* NSLayoutConstraint+MASDebugAdditions.h */,
				5E91EDF11B0DB9CD008A6A68 /* NSLayoutConstraint+MASDebugAdditions.m */,
				5E91EDF21B0DB9CD008A6A68 /* View+MASAdditions.h */,
				5E91EDF31B0DB9CD008A6A68 /* View+MASAdditions.m */,
				5E91EDF41B0DB9CD008A6A68 /* View+MASShorthandAdditions.h */,
			);
			path = Masonry;
			sourceTree = "<group>";
		};
/* End PBXGroup section */

/* Begin PBXNativeTarget section */
		5E91EDB21B0DB8F6008A6A68 /* MasonryTest */ = {
			isa = PBXNativeTarget;
			buildConfigurationList = 5E91EDD61B0DB8F6008A6A68 /* Build configuration list for PBXNativeTarget "MasonryTest" */;
			buildPhases = (
				5E91EDAF1B0DB8F6008A6A68 /* Sources */,
				5E91EDB01B0DB8F6008A6A68 /* Frameworks */,
				5E91EDB11B0DB8F6008A6A68 /* Resources */,
			);
			buildRules = (
			);
			dependencies = (
			);
			name = MasonryTest;
			productName = MasonryTest;
			productReference = 5E91EDB31B0DB8F6008A6A68 /* MasonryTest.app */;
			productType = "com.apple.product-type.application";
		};
		5E91EDCB1B0DB8F6008A6A68 /* MasonryTestTests */ = {
			isa = PBXNativeTarget;
			buildConfigurationList = 5E91EDD91B0DB8F6008A6A68 /* Build configuration list for PBXNativeTarget "MasonryTestTests" */;
			buildPhases = (
				5E91EDC81B0DB8F6008A6A68 /* Sources */,
				5E91EDC91B0DB8F6008A6A68 /* Frameworks */,
				5E91EDCA1B0DB8F6008A6A68 /* Resources */,
			);
			buildRules = (
			);
			dependencies = (
				5E91EDCE1B0DB8F6008A6A68 /* PBXTargetDependency */,
			);
			name = MasonryTestTests;
			productName = MasonryTestTests;
			productReference = 5E91EDCC1B0DB8F6008A6A68 /* MasonryTestTests.xctest */;
			productType = "com.apple.product-type.bundle.unit-test";
		};
/* End PBXNativeTarget section */

/* Begin PBXProject section */
		5E91EDAB1B0DB8F5008A6A68 /* Project object */ = {
			isa = PBXProject;
			attributes = {
				LastUpgradeCheck = 0610;
				ORGANIZATIONNAME = yamon;
				TargetAttributes = {
					5E91EDB21B0DB8F6008A6A68 = {
						CreatedOnToolsVersion = 6.1.1;
					};
					5E91EDCB1B0DB8F6008A6A68 = {
						CreatedOnToolsVersion = 6.1.1;
						TestTargetID = 5E91EDB21B0DB8F6008A6A68;
					};
				};
			};
			buildConfigurationList = 5E91EDAE1B0DB8F5008A6A68 /* Build configuration list for PBXProject "MasonryTest" */;
			compatibilityVersion = "Xcode 3.2";
			developmentRegion = English;
			hasScannedForEncodings = 0;
			knownRegions = (
				en,
				Base,
			);
			mainGroup = 5E91EDAA1B0DB8F5008A6A68;
			productRefGroup = 5E91EDB41B0DB8F6008A6A68 /* Products */;
			projectDirPath = "";
			projectRoot = "";
			targets = (
				5E91EDB21B0DB8F6008A6A68 /* MasonryTest */,
				5E91EDCB1B0DB8F6008A6A68 /* MasonryTestTests */,
			);
		};
/* End PBXProject section */

/* Begin PBXResourcesBuildPhase section */
		5E91EDB11B0DB8F6008A6A68 /* Resources */ = {
			isa = PBXResourcesBuildPhase;
			buildActionMask = 2147483647;
			files = (
				5E91EDF51B0DB9CD008A6A68 /* Info.plist in Resources */,
				5E91EDC21B0DB8F6008A6A68 /* Main.storyboard in Resources */,
				5E91EDC71B0DB8F6008A6A68 /* LaunchScreen.xib in Resources */,
				5E91EDC41B0DB8F6008A6A68 /* Images.xcassets in Resources */,
			);
			runOnlyForDeploymentPostprocessing = 0;
		};
		5E91EDCA1B0DB8F6008A6A68 /* Resources */ = {
			isa = PBXResourcesBuildPhase;
			buildActionMask = 2147483647;
			files = (
			);
			runOnlyForDeploymentPostprocessing = 0;
		};
/* End PBXResourcesBuildPhase section */

/* Begin PBXSourcesBuildPhase section */
		5E91EDAF1B0DB8F6008A6A68 /* Sources */ = {
			isa = PBXSourcesBuildPhase;
			buildActionMask = 2147483647;
			files = (
				5E91EDFD1B0DB9CD008A6A68 /* NSLayoutConstraint+MASDebugAdditions.m in Sources */,
				5E91EDFB1B0DB9CD008A6A68 /* MASViewConstraint.m in Sources */,
				5E91EE011B0DDF82008A6A68 /* UIView+Masonry_DJ.m in Sources */,
				5E91EDF61B0DB9CD008A6A68 /* MASCompositeConstraint.m in Sources */,
				5E91EDFC1B0DB9CD008A6A68 /* NSArray+MASAdditions.m in Sources */,
				5E91EDBF1B0DB8F6008A6A68 /* ViewController.m in Sources */,
				5E91EDBC1B0DB8F6008A6A68 /* AppDelegate.m in Sources */,
				5E91EDF91B0DB9CD008A6A68 /* MASLayoutConstraint.m in Sources */,
				5E91EDB91B0DB8F6008A6A68 /* main.m in Sources */,
				5E91EDFE1B0DB9CD008A6A68 /* View+MASAdditions.m in Sources */,
				5E91EDFA1B0DB9CD008A6A68 /* MASViewAttribute.m in Sources */,
				5E91EDF71B0DB9CD008A6A68 /* MASConstraint.m in Sources */,
				5E91EDF81B0DB9CD008A6A68 /* MASConstraintMaker.m in Sources */,
			);
			runOnlyForDeploymentPostprocessing = 0;
		};
		5E91EDC81B0DB8F6008A6A68 /* Sources */ = {
			isa = PBXSourcesBuildPhase;
			buildActionMask = 2147483647;
			files = (
				5E91EDD31B0DB8F6008A6A68 /* MasonryTestTests.m in Sources */,
			);
			runOnlyForDeploymentPostprocessing = 0;
		};
/* End PBXSourcesBuildPhase section */

/* Begin PBXTargetDependency section */
		5E91EDCE1B0DB8F6008A6A68 /* PBXTargetDependency */ = {
			isa = PBXTargetDependency;
			target = 5E91EDB21B0DB8F6008A6A68 /* MasonryTest */;
			targetProxy = 5E91EDCD1B0DB8F6008A6A68 /* PBXContainerItemProxy */;
		};
/* End PBXTargetDependency section */

/* Begin PBXVariantGroup section */
		5E91EDC01B0DB8F6008A6A68 /* Main.storyboard */ = {
			isa = PBXVariantGroup;
			children = (
				5E91EDC11B0DB8F6008A6A68 /* Base */,
			);
			name = Main.storyboard;
			sourceTree = "<group>";
		};
		5E91EDC51B0DB8F6008A6A68 /* LaunchScreen.xib */ = {
			isa = PBXVariantGroup;
			children = (
				5E91EDC61B0DB8F6008A6A68 /* Base */,
			);
			name = LaunchScreen.xib;
			sourceTree = "<group>";
		};
/* End PBXVariantGroup section */

/* Begin XCBuildConfiguration section */
		5E91EDD41B0DB8F6008A6A68 /* Debug */ = {
			isa = XCBuildConfiguration;
			buildSettings = {
				ALWAYS_SEARCH_USER_PATHS = NO;
				CLANG_CXX_LANGUAGE_STANDARD = "gnu++0x";
				CLANG_CXX_LIBRARY = "libc++";
				CLANG_ENABLE_MODULES = YES;
				CLANG_ENABLE_OBJC_ARC = YES;
				CLANG_WARN_BOOL_CONVERSION = YES;
				CLANG_WARN_CONSTANT_CONVERSION = YES;
				CLANG_WARN_DIRECT_OBJC_ISA_USAGE = YES_ERROR;
				CLANG_WARN_EMPTY_BODY = YES;
				CLANG_WARN_ENUM_CONVERSION = YES;
				CLANG_WARN_INT_CONVERSION = YES;
				CLANG_WARN_OBJC_ROOT_CLASS = YES_ERROR;
				CLANG_WARN_UNREACHABLE_CODE = YES;
				CLANG_WARN__DUPLICATE_METHOD_MATCH = YES;
				"CODE_SIGN_IDENTITY[sdk=iphoneos*]" = "iPhone Developer";
				COPY_PHASE_STRIP = NO;
				ENABLE_STRICT_OBJC_MSGSEND = YES;
				GCC_C_LANGUAGE_STANDARD = gnu99;
				GCC_DYNAMIC_NO_PIC = NO;
				GCC_OPTIMIZATION_LEVEL = 0;
				GCC_PREPROCESSOR_DEFINITIONS = (
					"DEBUG=1",
					"$(inherited)",
				);
				GCC_SYMBOLS_PRIVATE_EXTERN = NO;
				GCC_WARN_64_TO_32_BIT_CONVERSION = YES;
				GCC_WARN_ABOUT_RETURN_TYPE = YES_ERROR;
				GCC_WARN_UNDECLARED_SELECTOR = YES;
				GCC_WARN_UNINITIALIZED_AUTOS = YES_AGGRESSIVE;
				GCC_WARN_UNUSED_FUNCTION = YES;
				GCC_WARN_UNUSED_VARIABLE = YES;
				IPHONEOS_DEPLOYMENT_TARGET = 8.1;
				MTL_ENABLE_DEBUG_INFO = YES;
				ONLY_ACTIVE_ARCH = YES;
				SDKROOT = iphoneos;
			};
			name = Debug;
		};
		5E91EDD51B0DB8F6008A6A68 /* Release */ = {
			isa = XCBuildConfiguration;
			buildSettings = {
				ALWAYS_SEARCH_USER_PATHS = NO;
				CLANG_CXX_LANGUAGE_STANDARD = "gnu++0x";
				CLANG_CXX_LIBRARY = "libc++";
				CLANG_ENABLE_MODULES = YES;
				CLANG_ENABLE_OBJC_ARC = YES;
				CLANG_WARN_BOOL_CONVERSION = YES;
				CLANG_WARN_CONSTANT_CONVERSION = YES;
				CLANG_WARN_DIRECT_OBJC_ISA_USAGE = YES_ERROR;
				CLANG_WARN_EMPTY_BODY = YES;
				CLANG_WARN_ENUM_CONVERSION = YES;
				CLANG_WARN_INT_CONVERSION = YES;
				CLANG_WARN_OBJC_ROOT_CLASS = YES_ERROR;
				CLANG_WARN_UNREACHABLE_CODE = YES;
				CLANG_WARN__DUPLICATE_METHOD_MATCH = YES;
				"CODE_SIGN_IDENTITY[sdk=iphoneos*]" = "iPhone Developer";
				COPY_PHASE_STRIP = YES;
				ENABLE_NS_ASSERTIONS = NO;
				ENABLE_STRICT_OBJC_MSGSEND = YES;
				GCC_C_LANGUAGE_STANDARD = gnu99;
				GCC_WARN_64_TO_32_BIT_CONVERSION = YES;
				GCC_WARN_ABOUT_RETURN_TYPE = YES_ERROR;
				GCC_WARN_UNDECLARED_SELECTOR = YES;
				GCC_WARN_UNINITIALIZED_AUTOS = YES_AGGRESSIVE;
				GCC_WARN_UNUSED_FUNCTION = YES;
				GCC_WARN_UNUSED_VARIABLE = YES;
				IPHONEOS_DEPLOYMENT_TARGET = 8.1;
				MTL_ENABLE_DEBUG_INFO = NO;
				SDKROOT = iphoneos;
				VALIDATE_PRODUCT = YES;
			};
			name = Release;
		};
		5E91EDD71B0DB8F6008A6A68 /* Debug */ = {
			isa = XCBuildConfiguration;
			buildSettings = {
				ASSETCATALOG_COMPILER_APPICON_NAME = AppIcon;
				INFOPLIST_FILE = MasonryTest/Info.plist;
				LD_RUNPATH_SEARCH_PATHS = "$(inherited) @executable_path/Frameworks";
				PRODUCT_NAME = "$(TARGET_NAME)";
			};
			name = Debug;
		};
		5E91EDD81B0DB8F6008A6A68 /* Release */ = {
			isa = XCBuildConfiguration;
			buildSettings = {
				ASSETCATALOG_COMPILER_APPICON_NAME = AppIcon;
				INFOPLIST_FILE = MasonryTest/Info.plist;
				LD_RUNPATH_SEARCH_PATHS = "$(inherited) @executable_path/Frameworks";
				PRODUCT_NAME = "$(TARGET_NAME)";
			};
			name = Release;
		};
		5E91EDDA1B0DB8F6008A6A68 /* Debug */ = {
			isa = XCBuildConfiguration;
			buildSettings = {
				BUNDLE_LOADER = "$(TEST_HOST)";
				FRAMEWORK_SEARCH_PATHS = (
					"$(SDKROOT)/Developer/Library/Frameworks",
					"$(inherited)",
				);
				GCC_PREPROCESSOR_DEFINITIONS = (
					"DEBUG=1",
					"$(inherited)",
				);
				INFOPLIST_FILE = MasonryTestTests/Info.plist;
				LD_RUNPATH_SEARCH_PATHS = "$(inherited) @executable_path/Frameworks @loader_path/Frameworks";
				PRODUCT_NAME = "$(TARGET_NAME)";
				TEST_HOST = "$(BUILT_PRODUCTS_DIR)/MasonryTest.app/MasonryTest";
			};
			name = Debug;
		};
		5E91EDDB1B0DB8F6008A6A68 /* Release */ = {
			isa = XCBuildConfiguration;
			buildSettings = {
				BUNDLE_LOADER = "$(TEST_HOST)";
				FRAMEWORK_SEARCH_PATHS = (
					"$(SDKROOT)/Developer/Library/Frameworks",
					"$(inherited)",
				);
				INFOPLIST_FILE = MasonryTestTests/Info.plist;
				LD_RUNPATH_SEARCH_PATHS = "$(inherited) @executable_path/Frameworks @loader_path/Frameworks";
				PRODUCT_NAME = "$(TARGET_NAME)";
				TEST_HOST = "$(BUILT_PRODUCTS_DIR)/MasonryTest.app/MasonryTest";
			};
			name = Release;
		};
/* End XCBuildConfiguration section */

/* Begin XCConfigurationList section */
		5E91EDAE1B0DB8F5008A6A68 /* Build configuration list for PBXProject "MasonryTest" */ = {
			isa = XCConfigurationList;
			buildConfigurations = (
				5E91EDD41B0DB8F6008A6A68 /* Debug */,
				5E91EDD51B0DB8F6008A6A68 /* Release */,
			);
			defaultConfigurationIsVisible = 0;
			defaultConfigurationName = Release;
		};
		5E91EDD61B0DB8F6008A6A68 /* Build configuration list for PBXNativeTarget "MasonryTest" */ = {
			isa = XCConfigurationList;
			buildConfigurations = (
				5E91EDD71B0DB8F6008A6A68 /* Debug */,
				5E91EDD81B0DB8F6008A6A68 /* Release */,
			);
			defaultConfigurationIsVisible = 0;
		};
		5E91EDD91B0DB8F6008A6A68 /* Build configuration list for PBXNativeTarget "MasonryTestTests" */ = {
			isa = XCConfigurationList;
			buildConfigurations = (
				5E91EDDA1B0DB8F6008A6A68 /* Debug */,
				5E91EDDB1B0DB8F6008A6A68 /* Release */,
			);
			defaultConfigurationIsVisible = 0;
		};
/* End XCConfigurationList section */
	};
	rootObject = 5E91EDAB1B0DB8F5008A6A68 /* Project object */;
}
